
Microsoft Visual Studio Solution File, Format Version 12.00
# Visual Studio 15
Project("{FAE04EC0-301F-11D3-BF4B-00C04F79EFBC}") = "Assembly-CSharp", "Assembly-CSharp.csproj", "{AA26465F-7C7A-FC27-7FB0-570D27E4A714}"
EndProject
Project("{FAE04EC0-301F-11D3-BF4B-00C04F79EFBC}") = "Assembly-CSharp-Editor", "Assembly-CSharp-Editor.csproj", "{02A713C0-4F59-06DA-19F5-A86451308ED3}"
EndProject
Global
	GlobalSection(SolutionConfigurationPlatforms) = preSolution
		Debug|Any CPU = Debug|Any CPU
		Release|Any CPU = Release|Any CPU
	EndGlobalSection
	GlobalSection(ProjectConfigurationPlatforms) = postSolution
		{AA26465F-7C7A-FC27-7FB0-570D27E4A714}.Debug|Any CPU.ActiveCfg = Debug|Any CPU
		{AA26465F-7C7A-FC27-7FB0-570D27E4A714}.Debug|Any CPU.Build.0 = Debug|Any CPU
		{AA26465F-7C7A-FC27-7FB0-570D27E4A714}.Release|Any CPU.ActiveCfg = Release|Any CPU
		{AA26465F-7C7A-FC27-7FB0-570D27E4A714}.Release|Any CPU.Build.0 = Release|Any CPU
		{02A713C0-4F59-06DA-19F5-A86451308ED3}.Debug|Any CPU.ActiveCfg = Debug|Any CPU
		{02A713C0-4F59-06DA-19F5-A86451308ED3}.Debug|Any CPU.Build.0 = Debug|Any CPU
		{02A713C0-4F59-06DA-19F5-A86451308ED3}.Release|Any CPU.ActiveCfg = Release|Any CPU
		{02A713C0-4F59-06DA-19F5-A86451308ED3}.Release|Any CPU.Build.0 = Release|Any CPU
	EndGlobalSection
	GlobalSection(SolutionProperties) = preSolution
		HideSolutionNode = FALSE
	EndGlobalSection
EndGlobal
